{
    "_meta": {
        "hash": {
            "sha256": "a1076102bcf58d7bf1dd397500fe56456a8bd6a5d9bf32e28a84f66dc8bf871f"
        },
        "pipfile-spec": 6,
        "requires": {
            "python_version": "3.7"
        },
        "sources": [
            {
                "name": "pypi",
                "url": "https://pypi.org/simple",
                "verify_ssl": true
            }
        ]
    },
    "default": {
        "attrs": {
            "hashes": [
                "sha256:31b2eced602aa8423c2aea9c76a724617ed67cf9513173fd3a4f03e3a929c7e6",
                "sha256:832aa3cde19744e49938b91fea06d69ecb9e649c93ba974535d08ad92164f700"
            ],
            "markers": "python_version >= '2.7' and python_version not in '3.0, 3.1, 3.2, 3.3'",
            "version": "==20.3.0"
        },
        "aws-cdk.aws-codepipeline": {
            "hashes": [
                "sha256:7dec1638bc04e49ef3964a2bb32519d6350be054a2f39dc2c8583b9383f0383a",
                "sha256:d42df5734bf9af698e55e7ebdd0cff4bf6b464d36ae65a952b189f8a33cf35bc"
            ],
            "index": "pypi",
            "version": "==1.95.1"
        },
        "aws-cdk.aws-events": {
            "hashes": [
                "sha256:8a332ce3545dae642af737de280fc5eac69b58042e21ce942b9445b72c4f939d",
                "sha256:a26950a7bffdbde8a8a3cd680cb03251ae82b32cb0811c879d00da9d6138a77a"
            ],
            "markers": "python_version >= '3.6'",
            "version": "==1.95.1"
        },
        "aws-cdk.aws-iam": {
            "hashes": [
                "sha256:4360c1e5aaef1b80bf1fd6e4e4718529e91878ee9e01577f4d9051536ac94b11",
                "sha256:543dd13b5b96b549616e60c9e127b7a0522147d3b0d4ec3c277e331d8720a926"
            ],
            "markers": "python_version >= '3.6'",
            "version": "==1.95.1"
        },
        "aws-cdk.aws-kms": {
            "hashes": [
                "sha256:65205a551774b641e179e930992368c09768b2d1096544cfa45ec02282225a77",
                "sha256:dd4a0f4fd13d7f6cd1ff3ce3eec4bcaf71e7e9abec70983421e856391d6ae9bd"
            ],
            "markers": "python_version >= '3.6'",
            "version": "==1.95.1"
        },
        "aws-cdk.aws-s3": {
            "hashes": [
                "sha256:32b69bcdba5d137b9cb3ccf637d1da170e7413d5409395f027eaa17bfe06a8cc",
                "sha256:b315c131d8fac43382396e011428ed02d2a68ae61755981bb7a82b73913f3fa5"
            ],
            "index": "pypi",
            "version": "==1.95.1"
        },
        "aws-cdk.aws-ssm": {
            "hashes": [
                "sha256:87307a73c5250339980fa7247bb742f36add9e0138f6bd8af5ad191964f1fea2",
                "sha256:a5194964d60bab8f179bed68d0c97a51bd4e43b4a3d1db4b29762414b5f1f856"
            ],
            "index": "pypi",
            "version": "==1.95.1"
        },
        "aws-cdk.cloud-assembly-schema": {
            "hashes": [
                "sha256:3278c9d0d50be4db3887264f81c95aef02baffd464644c39e04eaf93d51ca40c",
                "sha256:94871d220823bc7f2c73c10f2b0afa216c5f7ba392b34d0ebcb6070b8362bd12"
            ],
            "markers": "python_version >= '3.6'",
            "version": "==1.95.1"
        },
        "aws-cdk.core": {
            "hashes": [
                "sha256:0120054706c34f35d70b8e6ffe96004bb2bc25fb983c982c2cdae598a64b0d8d",
                "sha256:9d05181bd93091728ae63334c8496ff7fad0d0723cd28b63a93d1a16967033b4"
            ],
            "index": "pypi",
            "version": "==1.95.1"
        },
        "aws-cdk.cx-api": {
            "hashes": [
                "sha256:77797cce0349cb88ce6de157426c1c62ed5611eb9587e2f756da8ce56460ecb7",
                "sha256:b8d79ef7b8abd74f9e4d923e55db454522d4d71450f7ee69650a8809a74835bd"
            ],
            "markers": "python_version >= '3.6'",
            "version": "==1.95.1"
        },
        "aws-cdk.region-info": {
            "hashes": [
                "sha256:48bdaccf5af91d4d7fa8f57c566d8271f0bad1bc2a32bc8373739f158eb8d2f7",
                "sha256:931db46e491eb06a24f869dd0ca5d25308087bfa07b3baafc0d886ac5259749f"
            ],
            "markers": "python_version >= '3.6'",
            "version": "==1.95.1"
        },
        "cattrs": {
            "hashes": [
                "sha256:12688f56fbb7f54cf647d031669840e1ab0b9a198bf374a217fcb5be821855df",
                "sha256:f92ca39ccb7373289f9cccf71b86849a29a2d75370bc983e7bf579ce95bfccd8"
            ],
            "markers": "python_version >= '3.7'",
            "version": "==1.3.0"
        },
        "constructs": {
            "hashes": [
                "sha256:75e965ec695df76b6f1c1b6246879610f914e7f8ebf012279ef2c8c35d3c4352",
                "sha256:784a400e4eae93567d79b982e16db9af5cd04b8a242767b143ad59a4136888ad"
            ],
            "markers": "python_version >= '3.6'",
            "version": "==3.3.71"
        },
        "jsii": {
            "hashes": [
                "sha256:1f574354803448b6e55ee1f454b7e4a7dfc03d13ce09e760f9982ee3d048d8f4",
                "sha256:693c86eaa62bac26a29d918eb1095475fcd5f619e279b2ceba3ff99a1ecb02a3"
            ],
            "markers": "python_version ~= '3.6'",
            "version": "==1.26.0"
        },
        "publication": {
            "hashes": [
                "sha256:0248885351febc11d8a1098d5c8e3ab2dabcf3e8c0c96db1e17ecd12b53afbe6",
                "sha256:68416a0de76dddcdd2930d1c8ef853a743cc96c82416c4e4d3b5d901c6276dc4"
            ],
            "version": "==0.0.3"
        },
        "python-dateutil": {
            "hashes": [
                "sha256:73ebfe9dbf22e832286dafa60473e4cd239f8592f699aa5adaf10050e6e1823c",
                "sha256:75bb3f31ea686f1197762692a9ee6a7550b59fc6ca3a1f4b5d7e32fb98e2da2a"
            ],
            "markers": "python_version >= '2.7' and python_version not in '3.0, 3.1, 3.2, 3.3'",
            "version": "==2.8.1"
        },
        "six": {
            "hashes": [
                "sha256:30639c035cdb23534cd4aa2dd52c3bf48f06e5f4a941509c8bafd8ce11080259",
                "sha256:8b74bedcbbbaca38ff6d7491d76f2b06b3592611af620f8426e82dddb04a5ced"
            ],
            "markers": "python_version >= '2.7' and python_version not in '3.0, 3.1, 3.2, 3.3'",
            "version": "==1.15.0"
        },
        "typing-extensions": {
            "hashes": [
                "sha256:7cb407020f00f7bfc3cb3e7881628838e69d8f3fcab2f64742a5e76b2f841918",
                "sha256:99d4073b617d30288f569d3f13d2bd7548c3a7e4c8de87db09a9d29bb3a4a60c",
                "sha256:dafc7639cde7f1b6e1acc0f457842a83e722ccca8eef5270af2d74792619a89f"
            ],
            "version": "==3.7.4.3"
        }
    },
    "develop": {}
}
